
Microsoft Visual Studio Solution File, Format Version 12.00
# Visual Studio Version 17
VisualStudioVersion = 17.10.35122.118
MinimumVisualStudioVersion = 10.0.40219.1
Project("{FAE04EC0-301F-11D3-BF4B-00C04F79EFBC}") = "studentScores", "studentScores.csproj", "{F8E090D6-7616-4851-8A29-99978FA962F5}"
EndProject
Global
	GlobalSection(SolutionConfigurationPlatforms) = preSolution
		Debug|Any CPU = Debug|Any CPU
		Release|Any CPU = Release|Any CPU
	EndGlobalSection
	GlobalSection(ProjectConfigurationPlatforms) = postSolution
		{F8E090D6-7616-4851-8A29-99978FA962F5}.Debug|Any CPU.ActiveCfg = Debug|Any CPU
		{F8E090D6-7616-4851-8A29-99978FA962F5}.Debug|Any CPU.Build.0 = Debug|Any CPU
		{F8E090D6-7616-4851-8A29-99978FA962F5}.Release|Any CPU.ActiveCfg = Release|Any CPU
		{F8E090D6-7616-4851-8A29-99978FA962F5}.Release|Any CPU.Build.0 = Release|Any CPU
	EndGlobalSection
	GlobalSection(SolutionProperties) = preSolution
		HideSolutionNode = FALSE
	EndGlobalSection
	GlobalSection(ExtensibilityGlobals) = postSolution
		SolutionGuid = {29419FD4-E30A-41DC-BBF1-451CAB9B0AC1}
	EndGlobalSection
EndGlobal
